<?xml version="1.0" encoding="utf-8"?>
<Project ToolsVersion="4.0" xmlns="http://schemas.microsoft.com/developer/msbuild/2003">
  <ItemGroup>
    <Filter Include="Source Files">
      <UniqueIdentifier>{4FC737F1-C7A5-4376-A066-2A32D752A2FF}</UniqueIdentifier>
      <Extensions>cpp;c;cc;cxx;def;odl;idl;hpj;bat;asm;asmx</Extensions>
    </Filter>
    <Filter Include="Header Files">
      <UniqueIdentifier>{93995380-89BD-4b04-88EB-625FBE52EBFB}</UniqueIdentifier>
      <Extensions>h;hh;hpp;hxx;hm;inl;inc;xsd</Extensions>
    </Filter>
    <Filter Include="Resource Files">
      <UniqueIdentifier>{67DA6AB6-F800-4c08-8B7A-83BB121AAD01}</UniqueIdentifier>
      <Extensions>rc;ico;cur;bmp;dlg;rc2;rct;bin;rgs;gif;jpg;jpeg;jpe;resx;tiff;tif;png;wav</Extensions>
    </Filter>
  </ItemGroup>
  <ItemGroup>
    <ClCompile Include="cpp\cpp.c">
      <Filter>Source Files</Filter>
    </ClCompile>
    <ClCompile Include="cpp\eval.c">
      <Filter>Source Files</Filter>
    </ClCompile>
    <ClCompile Include="cpp\getopt.c">
      <Filter>Source Files</Filter>
    </ClCompile>
    <ClCompile Include="cpp\hideset.c">
      <Filter>Source Files</Filter>
    </ClCompile>
    <ClCompile Include="cpp\include.c">
      <Filter>Source Files</Filter>
    </ClCompile>
    <ClCompile Include="cpp\lex.c">
      <Filter>Source Files</Filter>
    </ClCompile>
    <ClCompile Include="cpp\macro.c">
      <Filter>Source Files</Filter>
    </ClCompile>
    <ClCompile Include="cpp\nlist.c">
      <Filter>Source Files</Filter>
    </ClCompile>
    <ClCompile Include="cpp\tokens.c">
      <Filter>Source Files</Filter>
    </ClCompile>
    <ClCompile Include="cpp\unix.c">
      <Filter>Source Files</Filter>
    </ClCompile>
    <ClCompile Include="etc\bprint.c">
      <Filter>Source Files</Filter>
    </ClCompile>
    <ClCompile Include="etc\gcc-solaris.c">
      <Filter>Source Files</Filter>
    </ClCompile>
    <ClCompile Include="etc\irix.c">
      <Filter>Source Files</Filter>
    </ClCompile>
    <ClCompile Include="etc\lcc.c">
      <Filter>Source Files</Filter>
    </ClCompile>
    <ClCompile Include="etc\linux.c">
      <Filter>Source Files</Filter>
    </ClCompile>
    <ClCompile Include="etc\ops.c">
      <Filter>Source Files</Filter>
    </ClCompile>
    <ClCompile Include="etc\osf.c">
      <Filter>Source Files</Filter>
    </ClCompile>
    <ClCompile Include="etc\solaris.c">
      <Filter>Source Files</Filter>
    </ClCompile>
    <ClCompile Include="etc\win32.c">
      <Filter>Source Files</Filter>
    </ClCompile>
    <ClCompile Include="lburg\lburg.c">
      <Filter>Source Files</Filter>
    </ClCompile>
    <ClCompile Include="lib\assert.c">
      <Filter>Source Files</Filter>
    </ClCompile>
    <ClCompile Include="lib\bbexit.c">
      <Filter>Source Files</Filter>
    </ClCompile>
    <ClCompile Include="lib\yynull.c">
      <Filter>Source Files</Filter>
    </ClCompile>
    <ClCompile Include="src\alloc.c">
      <Filter>Source Files</Filter>
    </ClCompile>
    <ClCompile Include="src\bind.c">
      <Filter>Source Files</Filter>
    </ClCompile>
    <ClCompile Include="src\bytecode.c">
      <Filter>Source Files</Filter>
    </ClCompile>
    <ClCompile Include="src\dag.c">
      <Filter>Source Files</Filter>
    </ClCompile>
    <ClCompile Include="src\decl.c">
      <Filter>Source Files</Filter>
    </ClCompile>
    <ClCompile Include="src\enode.c">
      <Filter>Source Files</Filter>
    </ClCompile>
    <ClCompile Include="src\error.c">
      <Filter>Source Files</Filter>
    </ClCompile>
    <ClCompile Include="src\event.c">
      <Filter>Source Files</Filter>
    </ClCompile>
    <ClCompile Include="src\expr.c">
      <Filter>Source Files</Filter>
    </ClCompile>
    <ClCompile Include="src\gen.c">
      <Filter>Source Files</Filter>
    </ClCompile>
    <ClCompile Include="src\init.c">
      <Filter>Source Files</Filter>
    </ClCompile>
    <ClCompile Include="src\inits.c">
      <Filter>Source Files</Filter>
    </ClCompile>
    <ClCompile Include="src\input.c">
      <Filter>Source Files</Filter>
    </ClCompile>
    <ClCompile Include="src\lex.c">
      <Filter>Source Files</Filter>
    </ClCompile>
    <ClCompile Include="src\list.c">
      <Filter>Source Files</Filter>
    </ClCompile>
    <ClCompile Include="src\main.c">
      <Filter>Source Files</Filter>
    </ClCompile>
    <ClCompile Include="src\null.c">
      <Filter>Source Files</Filter>
    </ClCompile>
    <ClCompile Include="src\output.c">
      <Filter>Source Files</Filter>
    </ClCompile>
    <ClCompile Include="src\prof.c">
      <Filter>Source Files</Filter>
    </ClCompile>
    <ClCompile Include="src\profio.c">
      <Filter>Source Files</Filter>
    </ClCompile>
    <ClCompile Include="src\simp.c">
      <Filter>Source Files</Filter>
    </ClCompile>
    <ClCompile Include="src\stab.c">
      <Filter>Source Files</Filter>
    </ClCompile>
    <ClCompile Include="src\stmt.c">
      <Filter>Source Files</Filter>
    </ClCompile>
    <ClCompile Include="src\string.c">
      <Filter>Source Files</Filter>
    </ClCompile>
    <ClCompile Include="src\sym.c">
      <Filter>Source Files</Filter>
    </ClCompile>
    <ClCompile Include="src\symbolic.c">
      <Filter>Source Files</Filter>
    </ClCompile>
    <ClCompile Include="src\trace.c">
      <Filter>Source Files</Filter>
    </ClCompile>
    <ClCompile Include="src\tree.c">
      <Filter>Source Files</Filter>
    </ClCompile>
    <ClCompile Include="src\types.c">
      <Filter>Source Files</Filter>
    </ClCompile>
    <ClCompile Include="tst\8q.c">
      <Filter>Source Files</Filter>
    </ClCompile>
    <ClCompile Include="tst\array.c">
      <Filter>Source Files</Filter>
    </ClCompile>
    <ClCompile Include="tst\cf.c">
      <Filter>Source Files</Filter>
    </ClCompile>
    <ClCompile Include="tst\cq.c">
      <Filter>Source Files</Filter>
    </ClCompile>
    <ClCompile Include="tst\cvt.c">
      <Filter>Source Files</Filter>
    </ClCompile>
    <ClCompile Include="tst\fields.c">
      <Filter>Source Files</Filter>
    </ClCompile>
    <ClCompile Include="tst\front.c">
      <Filter>Source Files</Filter>
    </ClCompile>
    <ClCompile Include="tst\incr.c">
      <Filter>Source Files</Filter>
    </ClCompile>
    <ClCompile Include="tst\init.c">
      <Filter>Source Files</Filter>
    </ClCompile>
    <ClCompile Include="tst\limits.c">
      <Filter>Source Files</Filter>
    </ClCompile>
    <ClCompile Include="tst\paranoia.c">
      <Filter>Source Files</Filter>
    </ClCompile>
    <ClCompile Include="tst\sort.c">
      <Filter>Source Files</Filter>
    </ClCompile>
    <ClCompile Include="tst\spill.c">
      <Filter>Source Files</Filter>
    </ClCompile>
    <ClCompile Include="tst\stdarg.c">
      <Filter>Source Files</Filter>
    </ClCompile>
    <ClCompile Include="tst\struct.c">
      <Filter>Source Files</Filter>
    </ClCompile>
    <ClCompile Include="tst\switch.c">
      <Filter>Source Files</Filter>
    </ClCompile>
    <ClCompile Include="tst\wf1.c">
      <Filter>Source Files</Filter>
    </ClCompile>
    <ClCompile Include="tst\yacc.c">
      <Filter>Source Files</Filter>
    </ClCompile>
    <ClCompile Include="src\sizes.c">
      <Filter>Source Files</Filter>
    </ClCompile>
    <ClCompile Include="src\_mu.c">
      <Filter>Source Files</Filter>
    </ClCompile>
    <ClCompile Include="src\c_to_md.cpp">
      <Filter>Source Files</Filter>
    </ClCompile>
    <ClCompile Include="lburg\gram.c">
      <Filter>Source Files</Filter>
    </ClCompile>
    <ClCompile Include="timm.c">
      <Filter>Source Files</Filter>
    </ClCompile>
    <ClCompile Include="Release\mu.c">
      <Filter>Source Files</Filter>
    </ClCompile>
    <ClCompile Include="Debug\mu.c">
      <Filter>Source Files</Filter>
    </ClCompile>
  </ItemGroup>
  <ItemGroup>
    <ClInclude Include="cpp\cpp.h">
      <Filter>Header Files</Filter>
    </ClInclude>
    <ClInclude Include="include\alpha\osf\assert.h">
      <Filter>Header Files</Filter>
    </ClInclude>
    <ClInclude Include="include\alpha\osf\ctype.h">
      <Filter>Header Files</Filter>
    </ClInclude>
    <ClInclude Include="include\alpha\osf\errno.h">
      <Filter>Header Files</Filter>
    </ClInclude>
    <ClInclude Include="include\alpha\osf\float.h">
      <Filter>Header Files</Filter>
    </ClInclude>
    <ClInclude Include="include\alpha\osf\limits.h">
      <Filter>Header Files</Filter>
    </ClInclude>
    <ClInclude Include="include\alpha\osf\locale.h">
      <Filter>Header Files</Filter>
    </ClInclude>
    <ClInclude Include="include\alpha\osf\math.h">
      <Filter>Header Files</Filter>
    </ClInclude>
    <ClInclude Include="include\alpha\osf\setjmp.h">
      <Filter>Header Files</Filter>
    </ClInclude>
    <ClInclude Include="include\alpha\osf\signal.h">
      <Filter>Header Files</Filter>
    </ClInclude>
    <ClInclude Include="include\alpha\osf\stdarg.h">
      <Filter>Header Files</Filter>
    </ClInclude>
    <ClInclude Include="include\alpha\osf\stddef.h">
      <Filter>Header Files</Filter>
    </ClInclude>
    <ClInclude Include="include\alpha\osf\stdio.h">
      <Filter>Header Files</Filter>
    </ClInclude>
    <ClInclude Include="include\alpha\osf\stdlib.h">
      <Filter>Header Files</Filter>
    </ClInclude>
    <ClInclude Include="include\alpha\osf\string.h">
      <Filter>Header Files</Filter>
    </ClInclude>
    <ClInclude Include="include\alpha\osf\time.h">
      <Filter>Header Files</Filter>
    </ClInclude>
    <ClInclude Include="include\mips\irix\assert.h">
      <Filter>Header Files</Filter>
    </ClInclude>
    <ClInclude Include="include\mips\irix\ctype.h">
      <Filter>Header Files</Filter>
    </ClInclude>
    <ClInclude Include="include\mips\irix\errno.h">
      <Filter>Header Files</Filter>
    </ClInclude>
    <ClInclude Include="include\mips\irix\float.h">
      <Filter>Header Files</Filter>
    </ClInclude>
    <ClInclude Include="include\mips\irix\limits.h">
      <Filter>Header Files</Filter>
    </ClInclude>
    <ClInclude Include="include\mips\irix\locale.h">
      <Filter>Header Files</Filter>
    </ClInclude>
    <ClInclude Include="include\mips\irix\math.h">
      <Filter>Header Files</Filter>
    </ClInclude>
    <ClInclude Include="include\mips\irix\setjmp.h">
      <Filter>Header Files</Filter>
    </ClInclude>
    <ClInclude Include="include\mips\irix\signal.h">
      <Filter>Header Files</Filter>
    </ClInclude>
    <ClInclude Include="include\mips\irix\stdarg.h">
      <Filter>Header Files</Filter>
    </ClInclude>
    <ClInclude Include="include\mips\irix\stddef.h">
      <Filter>Header Files</Filter>
    </ClInclude>
    <ClInclude Include="include\mips\irix\stdio.h">
      <Filter>Header Files</Filter>
    </ClInclude>
    <ClInclude Include="include\mips\irix\stdlib.h">
      <Filter>Header Files</Filter>
    </ClInclude>
    <ClInclude Include="include\mips\irix\string.h">
      <Filter>Header Files</Filter>
    </ClInclude>
    <ClInclude Include="include\mips\irix\time.h">
      <Filter>Header Files</Filter>
    </ClInclude>
    <ClInclude Include="include\sparc\solaris\assert.h">
      <Filter>Header Files</Filter>
    </ClInclude>
    <ClInclude Include="include\sparc\solaris\ctype.h">
      <Filter>Header Files</Filter>
    </ClInclude>
    <ClInclude Include="include\sparc\solaris\errno.h">
      <Filter>Header Files</Filter>
    </ClInclude>
    <ClInclude Include="include\sparc\solaris\float.h">
      <Filter>Header Files</Filter>
    </ClInclude>
    <ClInclude Include="include\sparc\solaris\limits.h">
      <Filter>Header Files</Filter>
    </ClInclude>
    <ClInclude Include="include\sparc\solaris\locale.h">
      <Filter>Header Files</Filter>
    </ClInclude>
    <ClInclude Include="include\sparc\solaris\math.h">
      <Filter>Header Files</Filter>
    </ClInclude>
    <ClInclude Include="include\sparc\solaris\setjmp.h">
      <Filter>Header Files</Filter>
    </ClInclude>
    <ClInclude Include="include\sparc\solaris\signal.h">
      <Filter>Header Files</Filter>
    </ClInclude>
    <ClInclude Include="include\sparc\solaris\stdarg.h">
      <Filter>Header Files</Filter>
    </ClInclude>
    <ClInclude Include="include\sparc\solaris\stddef.h">
      <Filter>Header Files</Filter>
    </ClInclude>
    <ClInclude Include="include\sparc\solaris\stdio.h">
      <Filter>Header Files</Filter>
    </ClInclude>
    <ClInclude Include="include\sparc\solaris\stdlib.h">
      <Filter>Header Files</Filter>
    </ClInclude>
    <ClInclude Include="include\sparc\solaris\string.h">
      <Filter>Header Files</Filter>
    </ClInclude>
    <ClInclude Include="include\sparc\solaris\time.h">
      <Filter>Header Files</Filter>
    </ClInclude>
    <ClInclude Include="include\symbolic\irix\assert.h">
      <Filter>Header Files</Filter>
    </ClInclude>
    <ClInclude Include="include\symbolic\irix\ctype.h">
      <Filter>Header Files</Filter>
    </ClInclude>
    <ClInclude Include="include\symbolic\irix\errno.h">
      <Filter>Header Files</Filter>
    </ClInclude>
    <ClInclude Include="include\symbolic\irix\float.h">
      <Filter>Header Files</Filter>
    </ClInclude>
    <ClInclude Include="include\symbolic\irix\limits.h">
      <Filter>Header Files</Filter>
    </ClInclude>
    <ClInclude Include="include\symbolic\irix\locale.h">
      <Filter>Header Files</Filter>
    </ClInclude>
    <ClInclude Include="include\symbolic\irix\math.h">
      <Filter>Header Files</Filter>
    </ClInclude>
    <ClInclude Include="include\symbolic\irix\setjmp.h">
      <Filter>Header Files</Filter>
    </ClInclude>
    <ClInclude Include="include\symbolic\irix\signal.h">
      <Filter>Header Files</Filter>
    </ClInclude>
    <ClInclude Include="include\symbolic\irix\stdarg.h">
      <Filter>Header Files</Filter>
    </ClInclude>
    <ClInclude Include="include\symbolic\irix\stddef.h">
      <Filter>Header Files</Filter>
    </ClInclude>
    <ClInclude Include="include\symbolic\irix\stdio.h">
      <Filter>Header Files</Filter>
    </ClInclude>
    <ClInclude Include="include\symbolic\irix\stdlib.h">
      <Filter>Header Files</Filter>
    </ClInclude>
    <ClInclude Include="include\symbolic\irix\string.h">
      <Filter>Header Files</Filter>
    </ClInclude>
    <ClInclude Include="include\symbolic\irix\time.h">
      <Filter>Header Files</Filter>
    </ClInclude>
    <ClInclude Include="include\x86\linux\assert.h">
      <Filter>Header Files</Filter>
    </ClInclude>
    <ClInclude Include="include\x86\linux\float.h">
      <Filter>Header Files</Filter>
    </ClInclude>
    <ClInclude Include="include\x86\linux\limits.h">
      <Filter>Header Files</Filter>
    </ClInclude>
    <ClInclude Include="include\x86\linux\math.h">
      <Filter>Header Files</Filter>
    </ClInclude>
    <ClInclude Include="include\x86\linux\stdarg.h">
      <Filter>Header Files</Filter>
    </ClInclude>
    <ClInclude Include="lburg\lburg.h">
      <Filter>Header Files</Filter>
    </ClInclude>
    <ClInclude Include="src\c.h">
      <Filter>Header Files</Filter>
    </ClInclude>
    <ClInclude Include="src\config.h">
      <Filter>Header Files</Filter>
    </ClInclude>
    <ClInclude Include="src\ops.h">
      <Filter>Header Files</Filter>
    </ClInclude>
    <ClInclude Include="src\stab.h">
      <Filter>Header Files</Filter>
    </ClInclude>
    <ClInclude Include="src\token.h">
      <Filter>Header Files</Filter>
    </ClInclude>
    <ClInclude Include="timm.h">
      <Filter>Header Files</Filter>
    </ClInclude>
  </ItemGroup>
  <ItemGroup>
    <None Include="doc\install.html" />
    <None Include="src\mu.md" />
    <None Include="Makefile" />
  </ItemGroup>
</Project>